// !$*UTF8*$!
{
	archiveVersion = 1;
	classes = {
	};
	objectVersion = 56;
	objects = {

/* Begin PBXBuildFile section */
		2215CCE72AAD03FB00CD999A /* NewsViewController.swift in Sources */ = {isa = PBXBuildFile; fileRef = 2215CCE62AAD03FB00CD999A /* NewsViewController.swift */; };
		2215CCE92AAD041400CD999A /* News.storyboard in Resources */ = {isa = PBXBuildFile; fileRef = 2215CCE82AAD041400CD999A /* News.storyboard */; };
		2215CCEB2AAD074B00CD999A /* NewsDetailViewController.swift in Sources */ = {isa = PBXBuildFile; fileRef = 2215CCEA2AAD074B00CD999A /* NewsDetailViewController.swift */; };
		2215CCED2AAD1C5D00CD999A /* NewsCell.swift in Sources */ = {isa = PBXBuildFile; fileRef = 2215CCEC2AAD1C5D00CD999A /* NewsCell.swift */; };
		2215CCEF2AAD213200CD999A /* NewsViewModel.swift in Sources */ = {isa = PBXBuildFile; fileRef = 2215CCEE2AAD213200CD999A /* NewsViewModel.swift */; };
		223FB0A82AADD7D90005E5F9 /* NetworkManager.swift in Sources */ = {isa = PBXBuildFile; fileRef = 223FB0A72AADD7D90005E5F9 /* NetworkManager.swift */; };
		223FB0AB2AADDDF60005E5F9 /* NewsModel.swift in Sources */ = {isa = PBXBuildFile; fileRef = 223FB0AA2AADDDF60005E5F9 /* NewsModel.swift */; };
		223FB0AF2AAE71040005E5F9 /* UIImageView+.swift in Sources */ = {isa = PBXBuildFile; fileRef = 223FB0AE2AAE71040005E5F9 /* UIImageView+.swift */; };
		223FB0B12AAFCB760005E5F9 /* TabBarViewController.swift in Sources */ = {isa = PBXBuildFile; fileRef = 223FB0B02AAFCB760005E5F9 /* TabBarViewController.swift */; };
		227C12F92AB77D3000A32A08 /* Model.xcdatamodeld in Sources */ = {isa = PBXBuildFile; fileRef = 227C12F72AB77D3000A32A08 /* Model.xcdatamodeld */; };
		22C54D312AA7C68C0093A2E6 /* AppDelegate.swift in Sources */ = {isa = PBXBuildFile; fileRef = 22C54D302AA7C68C0093A2E6 /* AppDelegate.swift */; };
		22C54D332AA7C68C0093A2E6 /* SceneDelegate.swift in Sources */ = {isa = PBXBuildFile; fileRef = 22C54D322AA7C68C0093A2E6 /* SceneDelegate.swift */; };
		22C54D382AA7C68C0093A2E6 /* Main.storyboard in Resources */ = {isa = PBXBuildFile; fileRef = 22C54D362AA7C68C0093A2E6 /* Main.storyboard */; };
		22C54D3A2AA7C68E0093A2E6 /* Assets.xcassets in Resources */ = {isa = PBXBuildFile; fileRef = 22C54D392AA7C68E0093A2E6 /* Assets.xcassets */; };
		22C54D3D2AA7C68E0093A2E6 /* LaunchScreen.storyboard in Resources */ = {isa = PBXBuildFile; fileRef = 22C54D3B2AA7C68E0093A2E6 /* LaunchScreen.storyboard */; };
		22C54D472AA7C8160093A2E6 /* OnboardingViewController.swift in Sources */ = {isa = PBXBuildFile; fileRef = 22C54D462AA7C8160093A2E6 /* OnboardingViewController.swift */; };
		22C54D492AA7CC760093A2E6 /* OnboardingSlide.swift in Sources */ = {isa = PBXBuildFile; fileRef = 22C54D482AA7CC760093A2E6 /* OnboardingSlide.swift */; };
		22C54D4B2AA7D39A0093A2E6 /* OnboardingCollectionViewCell.swift in Sources */ = {isa = PBXBuildFile; fileRef = 22C54D4A2AA7D39A0093A2E6 /* OnboardingCollectionViewCell.swift */; };
		22C54D4D2AA9E47E0093A2E6 /* Auth.storyboard in Resources */ = {isa = PBXBuildFile; fileRef = 22C54D4C2AA9E47D0093A2E6 /* Auth.storyboard */; };
		22C54D4F2AA9E8B90093A2E6 /* LoginViewController.swift in Sources */ = {isa = PBXBuildFile; fileRef = 22C54D4E2AA9E8B90093A2E6 /* LoginViewController.swift */; };
		22C54D512AA9E8E70093A2E6 /* RegisterViewController.swift in Sources */ = {isa = PBXBuildFile; fileRef = 22C54D502AA9E8E70093A2E6 /* RegisterViewController.swift */; };
		22C54D532AA9ECD30093A2E6 /* GoogleService-Info.plist in Resources */ = {isa = PBXBuildFile; fileRef = 22C54D522AA9ECD30093A2E6 /* GoogleService-Info.plist */; };
		22C54D562AA9FC360093A2E6 /* FirebaseAuth in Frameworks */ = {isa = PBXBuildFile; productRef = 22C54D552AA9FC360093A2E6 /* FirebaseAuth */; };
		22CBCDF62ABB39C8004A1A87 /* Lottie in Frameworks */ = {isa = PBXBuildFile; productRef = 22CBCDF52ABB39C8004A1A87 /* Lottie */; };
		22CBCDF82ABB6478004A1A87 /* Poppins in Resources */ = {isa = PBXBuildFile; fileRef = 22CBCDF72ABB6478004A1A87 /* Poppins */; };
		22CBCDFA2ABB6A17004A1A87 /* UIFont+.swift in Sources */ = {isa = PBXBuildFile; fileRef = 22CBCDF92ABB6A17004A1A87 /* UIFont+.swift */; };
		22CBCDFC2ABB6FBD004A1A87 /* UIView.swift in Sources */ = {isa = PBXBuildFile; fileRef = 22CBCDFB2ABB6FBD004A1A87 /* UIView.swift */; };
		22CBCE0E2ABB976D004A1A87 /* SavedViewModel.swift in Sources */ = {isa = PBXBuildFile; fileRef = 22CBCE0D2ABB976D004A1A87 /* SavedViewModel.swift */; };
		22D79A062AB1C06500FE03BA /* ProfileViewController.swift in Sources */ = {isa = PBXBuildFile; fileRef = 22D79A052AB1C06500FE03BA /* ProfileViewController.swift */; };
		22D79A082AB1C15900FE03BA /* SavedViewController.swift in Sources */ = {isa = PBXBuildFile; fileRef = 22D79A072AB1C15900FE03BA /* SavedViewController.swift */; };
		22D79A0A2AB39CDB00FE03BA /* SavedCollectionViewCell.swift in Sources */ = {isa = PBXBuildFile; fileRef = 22D79A092AB39CDB00FE03BA /* SavedCollectionViewCell.swift */; };
		22D79A102AB3B1FD00FE03BA /* SideMenu in Frameworks */ = {isa = PBXBuildFile; productRef = 22D79A0F2AB3B1FD00FE03BA /* SideMenu */; };
		22D79A122AB3B52400FE03BA /* MenuListController.swift in Sources */ = {isa = PBXBuildFile; fileRef = 22D79A112AB3B52400FE03BA /* MenuListController.swift */; };
/* End PBXBuildFile section */

/* Begin PBXFileReference section */
		2215CCE62AAD03FB00CD999A /* NewsViewController.swift */ = {isa = PBXFileReference; lastKnownFileType = sourcecode.swift; path = NewsViewController.swift; sourceTree = "<group>"; };
		2215CCE82AAD041400CD999A /* News.storyboard */ = {isa = PBXFileReference; lastKnownFileType = file.storyboard; path = News.storyboard; sourceTree = "<group>"; };
		2215CCEA2AAD074B00CD999A /* NewsDetailViewController.swift */ = {isa = PBXFileReference; lastKnownFileType = sourcecode.swift; path = NewsDetailViewController.swift; sourceTree = "<group>"; };
		2215CCEC2AAD1C5D00CD999A /* NewsCell.swift */ = {isa = PBXFileReference; lastKnownFileType = sourcecode.swift; path = NewsCell.swift; sourceTree = "<group>"; };
		2215CCEE2AAD213200CD999A /* NewsViewModel.swift */ = {isa = PBXFileReference; lastKnownFileType = sourcecode.swift; path = NewsViewModel.swift; sourceTree = "<group>"; };
		223FB0A72AADD7D90005E5F9 /* NetworkManager.swift */ = {isa = PBXFileReference; lastKnownFileType = sourcecode.swift; path = NetworkManager.swift; sourceTree = "<group>"; };
		223FB0AA2AADDDF60005E5F9 /* NewsModel.swift */ = {isa = PBXFileReference; lastKnownFileType = sourcecode.swift; path = NewsModel.swift; sourceTree = "<group>"; };
		223FB0AE2AAE71040005E5F9 /* UIImageView+.swift */ = {isa = PBXFileReference; lastKnownFileType = sourcecode.swift; path = "UIImageView+.swift"; sourceTree = "<group>"; };
		223FB0B02AAFCB760005E5F9 /* TabBarViewController.swift */ = {isa = PBXFileReference; lastKnownFileType = sourcecode.swift; path = TabBarViewController.swift; sourceTree = "<group>"; };
		227C12F82AB77D3000A32A08 /* Model.xcdatamodel */ = {isa = PBXFileReference; lastKnownFileType = wrapper.xcdatamodel; path = Model.xcdatamodel; sourceTree = "<group>"; };
		22C54D2D2AA7C68C0093A2E6 /* NewsApp.app */ = {isa = PBXFileReference; explicitFileType = wrapper.application; includeInIndex = 0; path = NewsApp.app; sourceTree = BUILT_PRODUCTS_DIR; };
		22C54D302AA7C68C0093A2E6 /* AppDelegate.swift */ = {isa = PBXFileReference; lastKnownFileType = sourcecode.swift; path = AppDelegate.swift; sourceTree = "<group>"; };
		22C54D322AA7C68C0093A2E6 /* SceneDelegate.swift */ = {isa = PBXFileReference; lastKnownFileType = sourcecode.swift; path = SceneDelegate.swift; sourceTree = "<group>"; };
		22C54D372AA7C68C0093A2E6 /* Base */ = {isa = PBXFileReference; lastKnownFileType = file.storyboard; name = Base; path = Base.lproj/Main.storyboard; sourceTree = "<group>"; };
		22C54D392AA7C68E0093A2E6 /* Assets.xcassets */ = {isa = PBXFileReference; lastKnownFileType = folder.assetcatalog; path = Assets.xcassets; sourceTree = "<group>"; };
		22C54D3C2AA7C68E0093A2E6 /* Base */ = {isa = PBXFileReference; lastKnownFileType = file.storyboard; name = Base; path = Base.lproj/LaunchScreen.storyboard; sourceTree = "<group>"; };
		22C54D3E2AA7C68E0093A2E6 /* Info.plist */ = {isa = PBXFileReference; lastKnownFileType = text.plist.xml; path = Info.plist; sourceTree = "<group>"; };
		22C54D462AA7C8160093A2E6 /* OnboardingViewController.swift */ = {isa = PBXFileReference; lastKnownFileType = sourcecode.swift; path = OnboardingViewController.swift; sourceTree = "<group>"; };
		22C54D482AA7CC760093A2E6 /* OnboardingSlide.swift */ = {isa = PBXFileReference; lastKnownFileType = sourcecode.swift; path = OnboardingSlide.swift; sourceTree = "<group>"; };
		22C54D4A2AA7D39A0093A2E6 /* OnboardingCollectionViewCell.swift */ = {isa = PBXFileReference; lastKnownFileType = sourcecode.swift; path = OnboardingCollectionViewCell.swift; sourceTree = "<group>"; };
		22C54D4C2AA9E47D0093A2E6 /* Auth.storyboard */ = {isa = PBXFileReference; lastKnownFileType = file.storyboard; path = Auth.storyboard; sourceTree = "<group>"; };
		22C54D4E2AA9E8B90093A2E6 /* LoginViewController.swift */ = {isa = PBXFileReference; lastKnownFileType = sourcecode.swift; path = LoginViewController.swift; sourceTree = "<group>"; };
		22C54D502AA9E8E70093A2E6 /* RegisterViewController.swift */ = {isa = PBXFileReference; lastKnownFileType = sourcecode.swift; path = RegisterViewController.swift; sourceTree = "<group>"; };
		22C54D522AA9ECD30093A2E6 /* GoogleService-Info.plist */ = {isa = PBXFileReference; fileEncoding = 4; lastKnownFileType = text.plist.xml; path = "GoogleService-Info.plist"; sourceTree = "<group>"; };
		22CBCDF72ABB6478004A1A87 /* Poppins */ = {isa = PBXFileReference; lastKnownFileType = folder; path = Poppins; sourceTree = "<group>"; };
		22CBCDF92ABB6A17004A1A87 /* UIFont+.swift */ = {isa = PBXFileReference; lastKnownFileType = sourcecode.swift; path = "UIFont+.swift"; sourceTree = "<group>"; };
		22CBCDFB2ABB6FBD004A1A87 /* UIView.swift */ = {isa = PBXFileReference; lastKnownFileType = sourcecode.swift; path = UIView.swift; sourceTree = "<group>"; };
		22CBCE0D2ABB976D004A1A87 /* SavedViewModel.swift */ = {isa = PBXFileReference; lastKnownFileType = sourcecode.swift; path = SavedViewModel.swift; sourceTree = "<group>"; };
		22D79A052AB1C06500FE03BA /* ProfileViewController.swift */ = {isa = PBXFileReference; lastKnownFileType = sourcecode.swift; path = ProfileViewController.swift; sourceTree = "<group>"; };
		22D79A072AB1C15900FE03BA /* SavedViewController.swift */ = {isa = PBXFileReference; lastKnownFileType = sourcecode.swift; path = SavedViewController.swift; sourceTree = "<group>"; };
		22D79A092AB39CDB00FE03BA /* SavedCollectionViewCell.swift */ = {isa = PBXFileReference; lastKnownFileType = sourcecode.swift; path = SavedCollectionViewCell.swift; sourceTree = "<group>"; };
		22D79A112AB3B52400FE03BA /* MenuListController.swift */ = {isa = PBXFileReference; lastKnownFileType = sourcecode.swift; path = MenuListController.swift; sourceTree = "<group>"; };
/* End PBXFileReference section */

/* Begin PBXFrameworksBuildPhase section */
		22C54D2A2AA7C68C0093A2E6 /* Frameworks */ = {
			isa = PBXFrameworksBuildPhase;
			buildActionMask = 2147483647;
			files = (
				22D79A102AB3B1FD00FE03BA /* SideMenu in Frameworks */,
				22C54D562AA9FC360093A2E6 /* FirebaseAuth in Frameworks */,
				22CBCDF62ABB39C8004A1A87 /* Lottie in Frameworks */,
			);
			runOnlyForDeploymentPostprocessing = 0;
		};
/* End PBXFrameworksBuildPhase section */

/* Begin PBXGroup section */
		223EA6062ABCC30700D57663 /* Data Model */ = {
			isa = PBXGroup;
			children = (
				227C12F72AB77D3000A32A08 /* Model.xcdatamodeld */,
				22C54D522AA9ECD30093A2E6 /* GoogleService-Info.plist */,
			);
			path = "Data Model";
			sourceTree = "<group>";
		};
		223FB0A62AADD7810005E5F9 /* Network Layer */ = {
			isa = PBXGroup;
			children = (
				223FB0A72AADD7D90005E5F9 /* NetworkManager.swift */,
			);
			path = "Network Layer";
			sourceTree = "<group>";
		};
		223FB0A92AADDDE00005E5F9 /* Model */ = {
			isa = PBXGroup;
			children = (
				223FB0AA2AADDDF60005E5F9 /* NewsModel.swift */,
				22C54D482AA7CC760093A2E6 /* OnboardingSlide.swift */,
			);
			path = Model;
			sourceTree = "<group>";
		};
		223FB0AC2AADE6BE0005E5F9 /* Storyboard */ = {
			isa = PBXGroup;
			children = (
				2215CCE82AAD041400CD999A /* News.storyboard */,
				22C54D362AA7C68C0093A2E6 /* Main.storyboard */,
				22C54D4C2AA9E47D0093A2E6 /* Auth.storyboard */,
				22C54D3B2AA7C68E0093A2E6 /* LaunchScreen.storyboard */,
			);
			path = Storyboard;
			sourceTree = "<group>";
		};
		223FB0AD2AAE70E10005E5F9 /* Extension */ = {
			isa = PBXGroup;
			children = (
				223FB0AE2AAE71040005E5F9 /* UIImageView+.swift */,
				22CBCDF92ABB6A17004A1A87 /* UIFont+.swift */,
				22CBCDFB2ABB6FBD004A1A87 /* UIView.swift */,
			);
			path = Extension;
			sourceTree = "<group>";
		};
		22C54D242AA7C68C0093A2E6 = {
			isa = PBXGroup;
			children = (
				22C54D2F2AA7C68C0093A2E6 /* NewsApp */,
				22C54D2E2AA7C68C0093A2E6 /* Products */,
			);
			sourceTree = "<group>";
		};
		22C54D2E2AA7C68C0093A2E6 /* Products */ = {
			isa = PBXGroup;
			children = (
				22C54D2D2AA7C68C0093A2E6 /* NewsApp.app */,
			);
			name = Products;
			sourceTree = "<group>";
		};
		22C54D2F2AA7C68C0093A2E6 /* NewsApp */ = {
			isa = PBXGroup;
			children = (
				223EA6062ABCC30700D57663 /* Data Model */,
				22C54D3E2AA7C68E0093A2E6 /* Info.plist */,
				22CBCE0C2ABB9379004A1A87 /* Files */,
				223FB0AD2AAE70E10005E5F9 /* Extension */,
				223FB0AC2AADE6BE0005E5F9 /* Storyboard */,
				223FB0A92AADDDE00005E5F9 /* Model */,
				223FB0A62AADD7810005E5F9 /* Network Layer */,
				22C54D442AA7C7B10093A2E6 /* ui */,
				22C54D392AA7C68E0093A2E6 /* Assets.xcassets */,
				22CBCDF72ABB6478004A1A87 /* Poppins */,
			);
			path = NewsApp;
			sourceTree = "<group>";
		};
		22C54D442AA7C7B10093A2E6 /* ui */ = {
			isa = PBXGroup;
			children = (
				22CBCE0B2ABB9343004A1A87 /* Side Bar */,
				22CBCE082ABB9312004A1A87 /* Tab Bar */,
				22C54D452AA7C7BA0093A2E6 /* views */,
			);
			path = ui;
			sourceTree = "<group>";
		};
		22C54D452AA7C7BA0093A2E6 /* views */ = {
			isa = PBXGroup;
			children = (
				22CBCE0A2ABB932D004A1A87 /* Saved News */,
				22CBCE092ABB931E004A1A87 /* Profile */,
				22CBCE072ABB9302004A1A87 /* Register */,
				22CBCE062ABB92E8004A1A87 /* News Detail */,
				22CBCE052ABB92D4004A1A87 /* News */,
				22CBCE042ABB92BF004A1A87 /* Login */,
				22CBCE032ABB92AF004A1A87 /* Onboarding */,
			);
			path = views;
			sourceTree = "<group>";
		};
		22CBCE032ABB92AF004A1A87 /* Onboarding */ = {
			isa = PBXGroup;
			children = (
				22C54D462AA7C8160093A2E6 /* OnboardingViewController.swift */,
				22C54D4A2AA7D39A0093A2E6 /* OnboardingCollectionViewCell.swift */,
			);
			path = Onboarding;
			sourceTree = "<group>";
		};
		22CBCE042ABB92BF004A1A87 /* Login */ = {
			isa = PBXGroup;
			children = (
				22C54D4E2AA9E8B90093A2E6 /* LoginViewController.swift */,
			);
			path = Login;
			sourceTree = "<group>";
		};
		22CBCE052ABB92D4004A1A87 /* News */ = {
			isa = PBXGroup;
			children = (
				2215CCEC2AAD1C5D00CD999A /* NewsCell.swift */,
				2215CCE62AAD03FB00CD999A /* NewsViewController.swift */,
				2215CCEE2AAD213200CD999A /* NewsViewModel.swift */,
			);
			path = News;
			sourceTree = "<group>";
		};
		22CBCE062ABB92E8004A1A87 /* News Detail */ = {
			isa = PBXGroup;
			children = (
				2215CCEA2AAD074B00CD999A /* NewsDetailViewController.swift */,
			);
			path = "News Detail";
			sourceTree = "<group>";
		};
		22CBCE072ABB9302004A1A87 /* Register */ = {
			isa = PBXGroup;
			children = (
				22C54D502AA9E8E70093A2E6 /* RegisterViewController.swift */,
			);
			path = Register;
			sourceTree = "<group>";
		};
		22CBCE082ABB9312004A1A87 /* Tab Bar */ = {
			isa = PBXGroup;
			children = (
				223FB0B02AAFCB760005E5F9 /* TabBarViewController.swift */,
			);
			path = "Tab Bar";
			sourceTree = "<group>";
		};
		22CBCE092ABB931E004A1A87 /* Profile */ = {
			isa = PBXGroup;
			children = (
				22D79A052AB1C06500FE03BA /* ProfileViewController.swift */,
			);
			path = Profile;
			sourceTree = "<group>";
		};
		22CBCE0A2ABB932D004A1A87 /* Saved News */ = {
			isa = PBXGroup;
			children = (
				22D79A072AB1C15900FE03BA /* SavedViewController.swift */,
				22D79A092AB39CDB00FE03BA /* SavedCollectionViewCell.swift */,
				22CBCE0D2ABB976D004A1A87 /* SavedViewModel.swift */,
			);
			path = "Saved News";
			sourceTree = "<group>";
		};
		22CBCE0B2ABB9343004A1A87 /* Side Bar */ = {
			isa = PBXGroup;
			children = (
				22D79A112AB3B52400FE03BA /* MenuListController.swift */,
			);
			path = "Side Bar";
			sourceTree = "<group>";
		};
		22CBCE0C2ABB9379004A1A87 /* Files */ = {
			isa = PBXGroup;
			children = (
				22C54D302AA7C68C0093A2E6 /* AppDelegate.swift */,
				22C54D322AA7C68C0093A2E6 /* SceneDelegate.swift */,
			);
			path = Files;
			sourceTree = "<group>";
		};
/* End PBXGroup section */

/* Begin PBXNativeTarget section */
		22C54D2C2AA7C68C0093A2E6 /* NewsApp */ = {
			isa = PBXNativeTarget;
			buildConfigurationList = 22C54D412AA7C68E0093A2E6 /* Build configuration list for PBXNativeTarget "NewsApp" */;
			buildPhases = (
				22C54D292AA7C68C0093A2E6 /* Sources */,
				22C54D2A2AA7C68C0093A2E6 /* Frameworks */,
				22C54D2B2AA7C68C0093A2E6 /* Resources */,
			);
			buildRules = (
			);
			dependencies = (
			);
			name = NewsApp;
			packageProductDependencies = (
				22C54D552AA9FC360093A2E6 /* FirebaseAuth */,
				22D79A0F2AB3B1FD00FE03BA /* SideMenu */,
				22CBCDF52ABB39C8004A1A87 /* Lottie */,
			);
			productName = NewsApp;
			productReference = 22C54D2D2AA7C68C0093A2E6 /* NewsApp.app */;
			productType = "com.apple.product-type.application";
		};
/* End PBXNativeTarget section */

/* Begin PBXProject section */
		22C54D252AA7C68C0093A2E6 /* Project object */ = {
			isa = PBXProject;
			attributes = {
				BuildIndependentTargetsInParallel = 1;
				LastSwiftUpdateCheck = 1420;
				LastUpgradeCheck = 1420;
				TargetAttributes = {
					22C54D2C2AA7C68C0093A2E6 = {
						CreatedOnToolsVersion = 14.2;
					};
				};
			};
			buildConfigurationList = 22C54D282AA7C68C0093A2E6 /* Build configuration list for PBXProject "NewsApp" */;
			compatibilityVersion = "Xcode 14.0";
			developmentRegion = en;
			hasScannedForEncodings = 0;
			knownRegions = (
				en,
				Base,
			);
			mainGroup = 22C54D242AA7C68C0093A2E6;
			packageReferences = (
				22C54D542AA9FC360093A2E6 /* XCRemoteSwiftPackageReference "firebase-ios-sdk" */,
				22D79A0E2AB3B1FD00FE03BA /* XCRemoteSwiftPackageReference "SideMenu" */,
				22CBCDF42ABB39C8004A1A87 /* XCRemoteSwiftPackageReference "lottie-ios" */,
			);
			productRefGroup = 22C54D2E2AA7C68C0093A2E6 /* Products */;
			projectDirPath = "";
			projectRoot = "";
			targets = (
				22C54D2C2AA7C68C0093A2E6 /* NewsApp */,
			);
		};
/* End PBXProject section */

/* Begin PBXResourcesBuildPhase section */
		22C54D2B2AA7C68C0093A2E6 /* Resources */ = {
			isa = PBXResourcesBuildPhase;
			buildActionMask = 2147483647;
			files = (
				22CBCDF82ABB6478004A1A87 /* Poppins in Resources */,
				22C54D4D2AA9E47E0093A2E6 /* Auth.storyboard in Resources */,
				2215CCE92AAD041400CD999A /* News.storyboard in Resources */,
				22C54D3D2AA7C68E0093A2E6 /* LaunchScreen.storyboard in Resources */,
				22C54D532AA9ECD30093A2E6 /* GoogleService-Info.plist in Resources */,
				22C54D3A2AA7C68E0093A2E6 /* Assets.xcassets in Resources */,
				22C54D382AA7C68C0093A2E6 /* Main.storyboard in Resources */,
			);
			runOnlyForDeploymentPostprocessing = 0;
		};
/* End PBXResourcesBuildPhase section */

/* Begin PBXSourcesBuildPhase section */
		22C54D292AA7C68C0093A2E6 /* Sources */ = {
			isa = PBXSourcesBuildPhase;
			buildActionMask = 2147483647;
			files = (
				22CBCDFA2ABB6A17004A1A87 /* UIFont+.swift in Sources */,
				223FB0B12AAFCB760005E5F9 /* TabBarViewController.swift in Sources */,
				223FB0AB2AADDDF60005E5F9 /* NewsModel.swift in Sources */,
				22C54D4F2AA9E8B90093A2E6 /* LoginViewController.swift in Sources */,
				22D79A0A2AB39CDB00FE03BA /* SavedCollectionViewCell.swift in Sources */,
				22C54D312AA7C68C0093A2E6 /* AppDelegate.swift in Sources */,
				22CBCDFC2ABB6FBD004A1A87 /* UIView.swift in Sources */,
				223FB0A82AADD7D90005E5F9 /* NetworkManager.swift in Sources */,
				2215CCED2AAD1C5D00CD999A /* NewsCell.swift in Sources */,
				22D79A062AB1C06500FE03BA /* ProfileViewController.swift in Sources */,
				22C54D512AA9E8E70093A2E6 /* RegisterViewController.swift in Sources */,
				2215CCEB2AAD074B00CD999A /* NewsDetailViewController.swift in Sources */,
				22C54D332AA7C68C0093A2E6 /* SceneDelegate.swift in Sources */,
				22D79A122AB3B52400FE03BA /* MenuListController.swift in Sources */,
				2215CCEF2AAD213200CD999A /* NewsViewModel.swift in Sources */,
				22D79A082AB1C15900FE03BA /* SavedViewController.swift in Sources */,
				223FB0AF2AAE71040005E5F9 /* UIImageView+.swift in Sources */,
				22C54D472AA7C8160093A2E6 /* OnboardingViewController.swift in Sources */,
				227C12F92AB77D3000A32A08 /* Model.xcdatamodeld in Sources */,
				2215CCE72AAD03FB00CD999A /* NewsViewController.swift in Sources */,
				22C54D492AA7CC760093A2E6 /* OnboardingSlide.swift in Sources */,
				22CBCE0E2ABB976D004A1A87 /* SavedViewModel.swift in Sources */,
				22C54D4B2AA7D39A0093A2E6 /* OnboardingCollectionViewCell.swift in Sources */,
			);
			runOnlyForDeploymentPostprocessing = 0;
		};
/* End PBXSourcesBuildPhase section */

/* Begin PBXVariantGroup section */
		22C54D362AA7C68C0093A2E6 /* Main.storyboard */ = {
			isa = PBXVariantGroup;
			children = (
				22C54D372AA7C68C0093A2E6 /* Base */,
			);
			name = Main.storyboard;
			sourceTree = "<group>";
		};
		22C54D3B2AA7C68E0093A2E6 /* LaunchScreen.storyboard */ = {
			isa = PBXVariantGroup;
			children = (
				22C54D3C2AA7C68E0093A2E6 /* Base */,
			);
			name = LaunchScreen.storyboard;
			sourceTree = "<group>";
		};
/* End PBXVariantGroup section */

/* Begin XCBuildConfiguration section */
		22C54D3F2AA7C68E0093A2E6 /* Debug */ = {
			isa = XCBuildConfiguration;
			buildSettings = {
				ALWAYS_SEARCH_USER_PATHS = NO;
				CLANG_ANALYZER_NONNULL = YES;
				CLANG_ANALYZER_NUMBER_OBJECT_CONVERSION = YES_AGGRESSIVE;
				CLANG_CXX_LANGUAGE_STANDARD = "gnu++20";
				CLANG_ENABLE_MODULES = YES;
				CLANG_ENABLE_OBJC_ARC = YES;
				CLANG_ENABLE_OBJC_WEAK = YES;
				CLANG_WARN_BLOCK_CAPTURE_AUTORELEASING = YES;
				CLANG_WARN_BOOL_CONVERSION = YES;
				CLANG_WARN_COMMA = YES;
				CLANG_WARN_CONSTANT_CONVERSION = YES;
				CLANG_WARN_DEPRECATED_OBJC_IMPLEMENTATIONS = YES;
				CLANG_WARN_DIRECT_OBJC_ISA_USAGE = YES_ERROR;
				CLANG_WARN_DOCUMENTATION_COMMENTS = YES;
				CLANG_WARN_EMPTY_BODY = YES;
				CLANG_WARN_ENUM_CONVERSION = YES;
				CLANG_WARN_INFINITE_RECURSION = YES;
				CLANG_WARN_INT_CONVERSION = YES;
				CLANG_WARN_NON_LITERAL_NULL_CONVERSION = YES;
				CLANG_WARN_OBJC_IMPLICIT_RETAIN_SELF = YES;
				CLANG_WARN_OBJC_LITERAL_CONVERSION = YES;
				CLANG_WARN_OBJC_ROOT_CLASS = YES_ERROR;
				CLANG_WARN_QUOTED_INCLUDE_IN_FRAMEWORK_HEADER = YES;
				CLANG_WARN_RANGE_LOOP_ANALYSIS = YES;
				CLANG_WARN_STRICT_PROTOTYPES = YES;
				CLANG_WARN_SUSPICIOUS_MOVE = YES;
				CLANG_WARN_UNGUARDED_AVAILABILITY = YES_AGGRESSIVE;
				CLANG_WARN_UNREACHABLE_CODE = YES;
				CLANG_WARN__DUPLICATE_METHOD_MATCH = YES;
				COPY_PHASE_STRIP = NO;
				DEBUG_INFORMATION_FORMAT = dwarf;
				ENABLE_STRICT_OBJC_MSGSEND = YES;
				ENABLE_TESTABILITY = YES;
				GCC_C_LANGUAGE_STANDARD = gnu11;
				GCC_DYNAMIC_NO_PIC = NO;
				GCC_NO_COMMON_BLOCKS = YES;
				GCC_OPTIMIZATION_LEVEL = 0;
				GCC_PREPROCESSOR_DEFINITIONS = (
					"DEBUG=1",
					"$(inherited)",
				);
				GCC_WARN_64_TO_32_BIT_CONVERSION = YES;
				GCC_WARN_ABOUT_RETURN_TYPE = YES_ERROR;
				GCC_WARN_UNDECLARED_SELECTOR = YES;
				GCC_WARN_UNINITIALIZED_AUTOS = YES_AGGRESSIVE;
				GCC_WARN_UNUSED_FUNCTION = YES;
				GCC_WARN_UNUSED_VARIABLE = YES;
				IPHONEOS_DEPLOYMENT_TARGET = 16.2;
				MTL_ENABLE_DEBUG_INFO = INCLUDE_SOURCE;
				MTL_FAST_MATH = YES;
				ONLY_ACTIVE_ARCH = YES;
				SDKROOT = iphoneos;
				SWIFT_ACTIVE_COMPILATION_CONDITIONS = DEBUG;
				SWIFT_OPTIMIZATION_LEVEL = "-Onone";
			};
			name = Debug;
		};
		22C54D402AA7C68E0093A2E6 /* Release */ = {
			isa = XCBuildConfiguration;
			buildSettings = {
				ALWAYS_SEARCH_USER_PATHS = NO;
				CLANG_ANALYZER_NONNULL = YES;
				CLANG_ANALYZER_NUMBER_OBJECT_CONVERSION = YES_AGGRESSIVE;
				CLANG_CXX_LANGUAGE_STANDARD = "gnu++20";
				CLANG_ENABLE_MODULES = YES;
				CLANG_ENABLE_OBJC_ARC = YES;
				CLANG_ENABLE_OBJC_WEAK = YES;
				CLANG_WARN_BLOCK_CAPTURE_AUTORELEASING = YES;
				CLANG_WARN_BOOL_CONVERSION = YES;
				CLANG_WARN_COMMA = YES;
				CLANG_WARN_CONSTANT_CONVERSION = YES;
				CLANG_WARN_DEPRECATED_OBJC_IMPLEMENTATIONS = YES;
				CLANG_WARN_DIRECT_OBJC_ISA_USAGE = YES_ERROR;
				CLANG_WARN_DOCUMENTATION_COMMENTS = YES;
				CLANG_WARN_EMPTY_BODY = YES;
				CLANG_WARN_ENUM_CONVERSION = YES;
				CLANG_WARN_INFINITE_RECURSION = YES;
				CLANG_WARN_INT_CONVERSION = YES;
				CLANG_WARN_NON_LITERAL_NULL_CONVERSION = YES;
				CLANG_WARN_OBJC_IMPLICIT_RETAIN_SELF = YES;
				CLANG_WARN_OBJC_LITERAL_CONVERSION = YES;
				CLANG_WARN_OBJC_ROOT_CLASS = YES_ERROR;
				CLANG_WARN_QUOTED_INCLUDE_IN_FRAMEWORK_HEADER = YES;
				CLANG_WARN_RANGE_LOOP_ANALYSIS = YES;
				CLANG_WARN_STRICT_PROTOTYPES = YES;
				CLANG_WARN_SUSPICIOUS_MOVE = YES;
				CLANG_WARN_UNGUARDED_AVAILABILITY = YES_AGGRESSIVE;
				CLANG_WARN_UNREACHABLE_CODE = YES;
				CLANG_WARN__DUPLICATE_METHOD_MATCH = YES;
				COPY_PHASE_STRIP = NO;
				DEBUG_INFORMATION_FORMAT = "dwarf-with-dsym";
				ENABLE_NS_ASSERTIONS = NO;
				ENABLE_STRICT_OBJC_MSGSEND = YES;
				GCC_C_LANGUAGE_STANDARD = gnu11;
				GCC_NO_COMMON_BLOCKS = YES;
				GCC_WARN_64_TO_32_BIT_CONVERSION = YES;
				GCC_WARN_ABOUT_RETURN_TYPE = YES_ERROR;
				GCC_WARN_UNDECLARED_SELECTOR = YES;
				GCC_WARN_UNINITIALIZED_AUTOS = YES_AGGRESSIVE;
				GCC_WARN_UNUSED_FUNCTION = YES;
				GCC_WARN_UNUSED_VARIABLE = YES;
				IPHONEOS_DEPLOYMENT_TARGET = 16.2;
				MTL_ENABLE_DEBUG_INFO = NO;
				MTL_FAST_MATH = YES;
				SDKROOT = iphoneos;
				SWIFT_COMPILATION_MODE = wholemodule;
				SWIFT_OPTIMIZATION_LEVEL = "-O";
				VALIDATE_PRODUCT = YES;
			};
			name = Release;
		};
		22C54D422AA7C68E0093A2E6 /* Debug */ = {
			isa = XCBuildConfiguration;
			buildSettings = {
				ASSETCATALOG_COMPILER_APPICON_NAME = AppIcon;
				ASSETCATALOG_COMPILER_GLOBAL_ACCENT_COLOR_NAME = AccentColor;
				CODE_SIGN_STYLE = Automatic;
				CURRENT_PROJECT_VERSION = 1;
				DEVELOPMENT_TEAM = G8FFKF9HW5;
				GENERATE_INFOPLIST_FILE = YES;
				INFOPLIST_FILE = NewsApp/Info.plist;
				INFOPLIST_KEY_UIApplicationSupportsIndirectInputEvents = YES;
				INFOPLIST_KEY_UILaunchStoryboardName = LaunchScreen;
				INFOPLIST_KEY_UIMainStoryboardFile = Main;
				INFOPLIST_KEY_UISupportedInterfaceOrientations_iPad = "UIInterfaceOrientationPortrait UIInterfaceOrientationPortraitUpsideDown UIInterfaceOrientationLandscapeLeft UIInterfaceOrientationLandscapeRight";
				INFOPLIST_KEY_UISupportedInterfaceOrientations_iPhone = "UIInterfaceOrientationPortrait UIInterfaceOrientationLandscapeLeft UIInterfaceOrientationLandscapeRight";
				LD_RUNPATH_SEARCH_PATHS = (
					"$(inherited)",
					"@executable_path/Frameworks",
				);
				MARKETING_VERSION = 1.0;
				PRODUCT_BUNDLE_IDENTIFIER = asyaatpulat.info.NewsApp;
				PRODUCT_NAME = "$(TARGET_NAME)";
				SWIFT_EMIT_LOC_STRINGS = YES;
				SWIFT_VERSION = 5.0;
				TARGETED_DEVICE_FAMILY = "1,2";
			};
			name = Debug;
		};
		22C54D432AA7C68E0093A2E6 /* Release */ = {
			isa = XCBuildConfiguration;
			buildSettings = {
				ASSETCATALOG_COMPILER_APPICON_NAME = AppIcon;
				ASSETCATALOG_COMPILER_GLOBAL_ACCENT_COLOR_NAME = AccentColor;
				CODE_SIGN_STYLE = Automatic;
				CURRENT_PROJECT_VERSION = 1;
				DEVELOPMENT_TEAM = G8FFKF9HW5;
				GENERATE_INFOPLIST_FILE = YES;
				INFOPLIST_FILE = NewsApp/Info.plist;
				INFOPLIST_KEY_UIApplicationSupportsIndirectInputEvents = YES;
				INFOPLIST_KEY_UILaunchStoryboardName = LaunchScreen;
				INFOPLIST_KEY_UIMainStoryboardFile = Main;
				INFOPLIST_KEY_UISupportedInterfaceOrientations_iPad = "UIInterfaceOrientationPortrait UIInterfaceOrientationPortraitUpsideDown UIInterfaceOrientationLandscapeLeft UIInterfaceOrientationLandscapeRight";
				INFOPLIST_KEY_UISupportedInterfaceOrientations_iPhone = "UIInterfaceOrientationPortrait UIInterfaceOrientationLandscapeLeft UIInterfaceOrientationLandscapeRight";
				LD_RUNPATH_SEARCH_PATHS = (
					"$(inherited)",
					"@executable_path/Frameworks",
				);
				MARKETING_VERSION = 1.0;
				PRODUCT_BUNDLE_IDENTIFIER = asyaatpulat.info.NewsApp;
				PRODUCT_NAME = "$(TARGET_NAME)";
				SWIFT_EMIT_LOC_STRINGS = YES;
				SWIFT_VERSION = 5.0;
				TARGETED_DEVICE_FAMILY = "1,2";
			};
			name = Release;
		};
/* End XCBuildConfiguration section */

/* Begin XCConfigurationList section */
		22C54D282AA7C68C0093A2E6 /* Build configuration list for PBXProject "NewsApp" */ = {
			isa = XCConfigurationList;
			buildConfigurations = (
				22C54D3F2AA7C68E0093A2E6 /* Debug */,
				22C54D402AA7C68E0093A2E6 /* Release */,
			);
			defaultConfigurationIsVisible = 0;
			defaultConfigurationName = Release;
		};
		22C54D412AA7C68E0093A2E6 /* Build configuration list for PBXNativeTarget "NewsApp" */ = {
			isa = XCConfigurationList;
			buildConfigurations = (
				22C54D422AA7C68E0093A2E6 /* Debug */,
				22C54D432AA7C68E0093A2E6 /* Release */,
			);
			defaultConfigurationIsVisible = 0;
			defaultConfigurationName = Release;
		};
/* End XCConfigurationList section */

/* Begin XCRemoteSwiftPackageReference section */
		22C54D542AA9FC360093A2E6 /* XCRemoteSwiftPackageReference "firebase-ios-sdk" */ = {
			isa = XCRemoteSwiftPackageReference;
			repositoryURL = "https://github.com/firebase/firebase-ios-sdk";
			requirement = {
				kind = upToNextMajorVersion;
				minimumVersion = 9.0.0;
			};
		};
		22CBCDF42ABB39C8004A1A87 /* XCRemoteSwiftPackageReference "lottie-ios" */ = {
			isa = XCRemoteSwiftPackageReference;
			repositoryURL = "https://github.com/airbnb/lottie-ios";
			requirement = {
				kind = upToNextMajorVersion;
				minimumVersion = 4.0.0;
			};
		};
		22D79A0E2AB3B1FD00FE03BA /* XCRemoteSwiftPackageReference "SideMenu" */ = {
			isa = XCRemoteSwiftPackageReference;
			repositoryURL = "https://github.com/jonkykong/SideMenu";
			requirement = {
				kind = upToNextMajorVersion;
				minimumVersion = 6.0.0;
			};
		};
/* End XCRemoteSwiftPackageReference section */

/* Begin XCSwiftPackageProductDependency section */
		22C54D552AA9FC360093A2E6 /* FirebaseAuth */ = {
			isa = XCSwiftPackageProductDependency;
			package = 22C54D542AA9FC360093A2E6 /* XCRemoteSwiftPackageReference "firebase-ios-sdk" */;
			productName = FirebaseAuth;
		};
		22CBCDF52ABB39C8004A1A87 /* Lottie */ = {
			isa = XCSwiftPackageProductDependency;
			package = 22CBCDF42ABB39C8004A1A87 /* XCRemoteSwiftPackageReference "lottie-ios" */;
			productName = Lottie;
		};
		22D79A0F2AB3B1FD00FE03BA /* SideMenu */ = {
			isa = XCSwiftPackageProductDependency;
			package = 22D79A0E2AB3B1FD00FE03BA /* XCRemoteSwiftPackageReference "SideMenu" */;
			productName = SideMenu;
		};
/* End XCSwiftPackageProductDependency section */

/* Begin XCVersionGroup section */
		227C12F72AB77D3000A32A08 /* Model.xcdatamodeld */ = {
			isa = XCVersionGroup;
			children = (
				227C12F82AB77D3000A32A08 /* Model.xcdatamodel */,
			);
			currentVersion = 227C12F82AB77D3000A32A08 /* Model.xcdatamodel */;
			path = Model.xcdatamodeld;
			sourceTree = "<group>";
			versionGroupType = wrapper.xcdatamodel;
		};
/* End XCVersionGroup section */
	};
	rootObject = 22C54D252AA7C68C0093A2E6 /* Project object */;
}
